
Microsoft Visual Studio Solution File, Format Version 12.00
# Visual Studio Version 17
VisualStudioVersion = 17.12.35707.178
MinimumVisualStudioVersion = 10.0.40219.1
Project("{FAE04EC0-301F-11D3-BF4B-00C04F79EFBC}") = "Data", "Data\Data.csproj", "{8035931C-9137-403E-ACB5-CF5E3F3F36A2}"
EndProject
Project("{FAE04EC0-301F-11D3-BF4B-00C04F79EFBC}") = "Business", "Business\Business.csproj", "{A99DC1A0-D0E6-499C-B11B-8211C501C14D}"
EndProject
Project("{FAE04EC0-301F-11D3-BF4B-00C04F79EFBC}") = "Presentation.MobileApp", "Presentation.MobileApp\Presentation.MobileApp.csproj", "{191C4CBF-4014-4D70-AAB8-7095F36D3611}"
EndProject
Global
	GlobalSection(SolutionConfigurationPlatforms) = preSolution
		Debug|Any CPU = Debug|Any CPU
		Release|Any CPU = Release|Any CPU
	EndGlobalSection
	GlobalSection(ProjectConfigurationPlatforms) = postSolution
		{8035931C-9137-403E-ACB5-CF5E3F3F36A2}.Debug|Any CPU.ActiveCfg = Debug|Any CPU
		{8035931C-9137-403E-ACB5-CF5E3F3F36A2}.Debug|Any CPU.Build.0 = Debug|Any CPU
		{8035931C-9137-403E-ACB5-CF5E3F3F36A2}.Release|Any CPU.ActiveCfg = Release|Any CPU
		{8035931C-9137-403E-ACB5-CF5E3F3F36A2}.Release|Any CPU.Build.0 = Release|Any CPU
		{A99DC1A0-D0E6-499C-B11B-8211C501C14D}.Debug|Any CPU.ActiveCfg = Debug|Any CPU
		{A99DC1A0-D0E6-499C-B11B-8211C501C14D}.Debug|Any CPU.Build.0 = Debug|Any CPU
		{A99DC1A0-D0E6-499C-B11B-8211C501C14D}.Release|Any CPU.ActiveCfg = Release|Any CPU
		{A99DC1A0-D0E6-499C-B11B-8211C501C14D}.Release|Any CPU.Build.0 = Release|Any CPU
		{191C4CBF-4014-4D70-AAB8-7095F36D3611}.Debug|Any CPU.ActiveCfg = Debug|Any CPU
		{191C4CBF-4014-4D70-AAB8-7095F36D3611}.Debug|Any CPU.Build.0 = Debug|Any CPU
		{191C4CBF-4014-4D70-AAB8-7095F36D3611}.Debug|Any CPU.Deploy.0 = Debug|Any CPU
		{191C4CBF-4014-4D70-AAB8-7095F36D3611}.Release|Any CPU.ActiveCfg = Release|Any CPU
		{191C4CBF-4014-4D70-AAB8-7095F36D3611}.Release|Any CPU.Build.0 = Release|Any CPU
	EndGlobalSection
	GlobalSection(SolutionProperties) = preSolution
		HideSolutionNode = FALSE
	EndGlobalSection
EndGlobal
